// !$*UTF8*$!
{
	archiveVersion = 1;
	classes = {
	};
	objectVersion = 46;
	objects = {

/* Begin PBXBuildFile section */
		488928AE1C1A6F4D005A8F83 /* swiftScan.podspec in Resources */ = {isa = PBXBuildFile; fileRef = 488928AD1C1A6F4D005A8F83 /* swiftScan.podspec */; };
		488928E31C1A7BE4005A8F83 /* LBXScanLineAnimation.swift in Sources */ = {isa = PBXBuildFile; fileRef = 488928DD1C1A7BE4005A8F83 /* LBXScanLineAnimation.swift */; };
		488928E41C1A7BE4005A8F83 /* LBXScanNetAnimation.swift in Sources */ = {isa = PBXBuildFile; fileRef = 488928DE1C1A7BE4005A8F83 /* LBXScanNetAnimation.swift */; };
		488928E51C1A7BE4005A8F83 /* LBXScanView.swift in Sources */ = {isa = PBXBuildFile; fileRef = 488928DF1C1A7BE4005A8F83 /* LBXScanView.swift */; };
		488928E61C1A7BE4005A8F83 /* LBXScanViewController.swift in Sources */ = {isa = PBXBuildFile; fileRef = 488928E01C1A7BE4005A8F83 /* LBXScanViewController.swift */; };
		488928E71C1A7BE4005A8F83 /* LBXScanViewStyle.swift in Sources */ = {isa = PBXBuildFile; fileRef = 488928E11C1A7BE4005A8F83 /* LBXScanViewStyle.swift */; };
		488928E81C1A7BE4005A8F83 /* LBXScanWrapper.swift in Sources */ = {isa = PBXBuildFile; fileRef = 488928E21C1A7BE4005A8F83 /* LBXScanWrapper.swift */; };
		48B143C41C17C98B00B2E7D5 /* MainTableViewController.swift in Sources */ = {isa = PBXBuildFile; fileRef = 48B143C31C17C98B00B2E7D5 /* MainTableViewController.swift */; };
		48B143CA1C1809E700B2E7D5 /* CodeScan.bundle in Resources */ = {isa = PBXBuildFile; fileRef = 48B143C91C1809E700B2E7D5 /* CodeScan.bundle */; };
		48D3BBD11C70104100823F87 /* LBXPermissions.swift in Sources */ = {isa = PBXBuildFile; fileRef = 48D3BBD01C70104100823F87 /* LBXPermissions.swift */; };
		73FF0B8E1CF545FE0083F169 /* ScanResultController.xib in Resources */ = {isa = PBXBuildFile; fileRef = 73FF0B8A1CF545FE0083F169 /* ScanResultController.xib */; };
		73FF0B8F1CF545FE0083F169 /* ScanResultController.swift in Sources */ = {isa = PBXBuildFile; fileRef = 73FF0B8B1CF545FE0083F169 /* ScanResultController.swift */; };
		73FF0B901CF545FE0083F169 /* MyCodeViewController.swift in Sources */ = {isa = PBXBuildFile; fileRef = 73FF0B8C1CF545FE0083F169 /* MyCodeViewController.swift */; };
		73FF0B911CF545FE0083F169 /* QQScanViewController.swift in Sources */ = {isa = PBXBuildFile; fileRef = 73FF0B8D1CF545FE0083F169 /* QQScanViewController.swift */; };
		7D42B9B01C05EE9A0084D045 /* AppDelegate.swift in Sources */ = {isa = PBXBuildFile; fileRef = 7D42B9AF1C05EE9A0084D045 /* AppDelegate.swift */; };
		7D42B9B21C05EE9A0084D045 /* ViewController.swift in Sources */ = {isa = PBXBuildFile; fileRef = 7D42B9B11C05EE9A0084D045 /* ViewController.swift */; };
		7D42B9B51C05EE9A0084D045 /* Main.storyboard in Resources */ = {isa = PBXBuildFile; fileRef = 7D42B9B31C05EE9A0084D045 /* Main.storyboard */; };
		7D42B9B71C05EE9A0084D045 /* Assets.xcassets in Resources */ = {isa = PBXBuildFile; fileRef = 7D42B9B61C05EE9A0084D045 /* Assets.xcassets */; };
		7D42B9BA1C05EE9A0084D045 /* LaunchScreen.storyboard in Resources */ = {isa = PBXBuildFile; fileRef = 7D42B9B81C05EE9A0084D045 /* LaunchScreen.storyboard */; };
		7DA82E091C19CE5E0028B5DB /* logo.JPG in Resources */ = {isa = PBXBuildFile; fileRef = 7DA82E081C19CE5E0028B5DB /* logo.JPG */; };
/* End PBXBuildFile section */

/* Begin PBXCopyFilesBuildPhase section */
		D6DC97001F6D0C0200E1CCEB /* Embed Frameworks */ = {
			isa = PBXCopyFilesBuildPhase;
			buildActionMask = 2147483647;
			dstPath = "";
			dstSubfolderSpec = 10;
			files = (
			);
			name = "Embed Frameworks";
			runOnlyForDeploymentPostprocessing = 0;
		};
/* End PBXCopyFilesBuildPhase section */

/* Begin PBXFileReference section */
		488928AD1C1A6F4D005A8F83 /* swiftScan.podspec */ = {isa = PBXFileReference; fileEncoding = 4; lastKnownFileType = text; path = swiftScan.podspec; sourceTree = "<group>"; };
		488928DD1C1A7BE4005A8F83 /* LBXScanLineAnimation.swift */ = {isa = PBXFileReference; fileEncoding = 4; lastKnownFileType = sourcecode.swift; path = LBXScanLineAnimation.swift; sourceTree = "<group>"; };
		488928DE1C1A7BE4005A8F83 /* LBXScanNetAnimation.swift */ = {isa = PBXFileReference; fileEncoding = 4; lastKnownFileType = sourcecode.swift; path = LBXScanNetAnimation.swift; sourceTree = "<group>"; };
		488928DF1C1A7BE4005A8F83 /* LBXScanView.swift */ = {isa = PBXFileReference; fileEncoding = 4; lastKnownFileType = sourcecode.swift; path = LBXScanView.swift; sourceTree = "<group>"; };
		488928E01C1A7BE4005A8F83 /* LBXScanViewController.swift */ = {isa = PBXFileReference; fileEncoding = 4; lastKnownFileType = sourcecode.swift; path = LBXScanViewController.swift; sourceTree = "<group>"; };
		488928E11C1A7BE4005A8F83 /* LBXScanViewStyle.swift */ = {isa = PBXFileReference; fileEncoding = 4; lastKnownFileType = sourcecode.swift; path = LBXScanViewStyle.swift; sourceTree = "<group>"; };
		488928E21C1A7BE4005A8F83 /* LBXScanWrapper.swift */ = {isa = PBXFileReference; fileEncoding = 4; lastKnownFileType = sourcecode.swift; path = LBXScanWrapper.swift; sourceTree = "<group>"; };
		48B143C31C17C98B00B2E7D5 /* MainTableViewController.swift */ = {isa = PBXFileReference; fileEncoding = 4; lastKnownFileType = sourcecode.swift; path = MainTableViewController.swift; sourceTree = "<group>"; };
		48B143C91C1809E700B2E7D5 /* CodeScan.bundle */ = {isa = PBXFileReference; lastKnownFileType = "wrapper.plug-in"; path = CodeScan.bundle; sourceTree = "<group>"; };
		48D3BBD01C70104100823F87 /* LBXPermissions.swift */ = {isa = PBXFileReference; fileEncoding = 4; lastKnownFileType = sourcecode.swift; path = LBXPermissions.swift; sourceTree = "<group>"; };
		73FF0B8A1CF545FE0083F169 /* ScanResultController.xib */ = {isa = PBXFileReference; fileEncoding = 4; lastKnownFileType = file.xib; path = ScanResultController.xib; sourceTree = "<group>"; };
		73FF0B8B1CF545FE0083F169 /* ScanResultController.swift */ = {isa = PBXFileReference; fileEncoding = 4; lastKnownFileType = sourcecode.swift; path = ScanResultController.swift; sourceTree = "<group>"; };
		73FF0B8C1CF545FE0083F169 /* MyCodeViewController.swift */ = {isa = PBXFileReference; fileEncoding = 4; lastKnownFileType = sourcecode.swift; path = MyCodeViewController.swift; sourceTree = "<group>"; };
		73FF0B8D1CF545FE0083F169 /* QQScanViewController.swift */ = {isa = PBXFileReference; fileEncoding = 4; lastKnownFileType = sourcecode.swift; path = QQScanViewController.swift; sourceTree = "<group>"; };
		7D42B9AC1C05EE9A0084D045 /* swiftScan.app */ = {isa = PBXFileReference; explicitFileType = wrapper.application; includeInIndex = 0; path = swiftScan.app; sourceTree = BUILT_PRODUCTS_DIR; };
		7D42B9AF1C05EE9A0084D045 /* AppDelegate.swift */ = {isa = PBXFileReference; lastKnownFileType = sourcecode.swift; path = AppDelegate.swift; sourceTree = "<group>"; };
		7D42B9B11C05EE9A0084D045 /* ViewController.swift */ = {isa = PBXFileReference; lastKnownFileType = sourcecode.swift; path = ViewController.swift; sourceTree = "<group>"; };
		7D42B9B41C05EE9A0084D045 /* Base */ = {isa = PBXFileReference; lastKnownFileType = file.storyboard; name = Base; path = Base.lproj/Main.storyboard; sourceTree = "<group>"; };
		7D42B9B61C05EE9A0084D045 /* Assets.xcassets */ = {isa = PBXFileReference; lastKnownFileType = folder.assetcatalog; path = Assets.xcassets; sourceTree = "<group>"; };
		7D42B9B91C05EE9A0084D045 /* Base */ = {isa = PBXFileReference; lastKnownFileType = file.storyboard; name = Base; path = Base.lproj/LaunchScreen.storyboard; sourceTree = "<group>"; };
		7D42B9BB1C05EE9A0084D045 /* Info.plist */ = {isa = PBXFileReference; lastKnownFileType = text.plist.xml; path = Info.plist; sourceTree = "<group>"; };
		7D46320C1C18683A00D70CF1 /* zh-Hans */ = {isa = PBXFileReference; lastKnownFileType = text.plist.strings; name = "zh-Hans"; path = "zh-Hans.lproj/Main.strings"; sourceTree = "<group>"; };
		7D46320D1C18683A00D70CF1 /* zh-Hans */ = {isa = PBXFileReference; lastKnownFileType = text.plist.strings; name = "zh-Hans"; path = "zh-Hans.lproj/LaunchScreen.strings"; sourceTree = "<group>"; };
		7DA82E081C19CE5E0028B5DB /* logo.JPG */ = {isa = PBXFileReference; lastKnownFileType = image.jpeg; path = logo.JPG; sourceTree = "<group>"; };
		D6DC96F61F6D0C0200E1CCEB /* SwiftScanner.h */ = {isa = PBXFileReference; lastKnownFileType = sourcecode.c.h; path = SwiftScanner.h; sourceTree = "<group>"; };
		D6DC96F71F6D0C0200E1CCEB /* Info.plist */ = {isa = PBXFileReference; lastKnownFileType = text.plist.xml; path = Info.plist; sourceTree = "<group>"; };
/* End PBXFileReference section */

/* Begin PBXFrameworksBuildPhase section */
		7D42B9A91C05EE9A0084D045 /* Frameworks */ = {
			isa = PBXFrameworksBuildPhase;
			buildActionMask = 2147483647;
			files = (
			);
			runOnlyForDeploymentPostprocessing = 0;
		};
/* End PBXFrameworksBuildPhase section */

/* Begin PBXGroup section */
		488928DC1C1A7BE4005A8F83 /* Source */ = {
			isa = PBXGroup;
			children = (
				48D3BBD01C70104100823F87 /* LBXPermissions.swift */,
				488928DD1C1A7BE4005A8F83 /* LBXScanLineAnimation.swift */,
				488928DE1C1A7BE4005A8F83 /* LBXScanNetAnimation.swift */,
				488928DF1C1A7BE4005A8F83 /* LBXScanView.swift */,
				488928E01C1A7BE4005A8F83 /* LBXScanViewController.swift */,
				488928E11C1A7BE4005A8F83 /* LBXScanViewStyle.swift */,
				488928E21C1A7BE4005A8F83 /* LBXScanWrapper.swift */,
			);
			path = Source;
			sourceTree = "<group>";
		};
		7D42B9A31C05EE9A0084D045 = {
			isa = PBXGroup;
			children = (
				488928AD1C1A6F4D005A8F83 /* swiftScan.podspec */,
				488928DC1C1A7BE4005A8F83 /* Source */,
				7D42B9AE1C05EE9A0084D045 /* swiftScan */,
				D6DC96F51F6D0C0200E1CCEB /* SwiftScanner */,
				7D42B9AD1C05EE9A0084D045 /* Products */,
			);
			sourceTree = "<group>";
		};
		7D42B9AD1C05EE9A0084D045 /* Products */ = {
			isa = PBXGroup;
			children = (
				7D42B9AC1C05EE9A0084D045 /* swiftScan.app */,
			);
			name = Products;
			sourceTree = "<group>";
		};
		7D42B9AE1C05EE9A0084D045 /* swiftScan */ = {
			isa = PBXGroup;
			children = (
				73FF0B8A1CF545FE0083F169 /* ScanResultController.xib */,
				73FF0B8B1CF545FE0083F169 /* ScanResultController.swift */,
				73FF0B8C1CF545FE0083F169 /* MyCodeViewController.swift */,
				73FF0B8D1CF545FE0083F169 /* QQScanViewController.swift */,
				7DA82E081C19CE5E0028B5DB /* logo.JPG */,
				48B143C91C1809E700B2E7D5 /* CodeScan.bundle */,
				7D42B9AF1C05EE9A0084D045 /* AppDelegate.swift */,
				7D42B9B11C05EE9A0084D045 /* ViewController.swift */,
				7D42B9B31C05EE9A0084D045 /* Main.storyboard */,
				7D42B9B61C05EE9A0084D045 /* Assets.xcassets */,
				7D42B9B81C05EE9A0084D045 /* LaunchScreen.storyboard */,
				7D42B9BB1C05EE9A0084D045 /* Info.plist */,
				48B143C31C17C98B00B2E7D5 /* MainTableViewController.swift */,
			);
			path = swiftScan;
			sourceTree = "<group>";
		};
		D6DC96F51F6D0C0200E1CCEB /* SwiftScanner */ = {
			isa = PBXGroup;
			children = (
				D6DC96F61F6D0C0200E1CCEB /* SwiftScanner.h */,
				D6DC96F71F6D0C0200E1CCEB /* Info.plist */,
			);
			path = SwiftScanner;
			sourceTree = "<group>";
		};
/* End PBXGroup section */

/* Begin PBXNativeTarget section */
		7D42B9AB1C05EE9A0084D045 /* swiftScan */ = {
			isa = PBXNativeTarget;
			buildConfigurationList = 7D42B9BE1C05EE9A0084D045 /* Build configuration list for PBXNativeTarget "swiftScan" */;
			buildPhases = (
				7D42B9A81C05EE9A0084D045 /* Sources */,
				7D42B9A91C05EE9A0084D045 /* Frameworks */,
				7D42B9AA1C05EE9A0084D045 /* Resources */,
				D6DC97001F6D0C0200E1CCEB /* Embed Frameworks */,
			);
			buildRules = (
			);
			dependencies = (
			);
			name = swiftScan;
			productName = swiftScan;
			productReference = 7D42B9AC1C05EE9A0084D045 /* swiftScan.app */;
			productType = "com.apple.product-type.application";
		};
/* End PBXNativeTarget section */

/* Begin PBXProject section */
		7D42B9A41C05EE9A0084D045 /* Project object */ = {
			isa = PBXProject;
			attributes = {
				LastSwiftUpdateCheck = 0710;
				LastUpgradeCheck = 1000;
				ORGANIZATIONNAME = xialibing;
				TargetAttributes = {
					7D42B9AB1C05EE9A0084D045 = {
						CreatedOnToolsVersion = 7.1;
						DevelopmentTeam = F3R362NJ48;
						LastSwiftMigration = 0820;
						ProvisioningStyle = Automatic;
					};
				};
			};
			buildConfigurationList = 7D42B9A71C05EE9A0084D045 /* Build configuration list for PBXProject "swiftScan" */;
			compatibilityVersion = "Xcode 3.2";
			developmentRegion = English;
			hasScannedForEncodings = 0;
			knownRegions = (
				en,
				Base,
			);
			mainGroup = 7D42B9A31C05EE9A0084D045;
			productRefGroup = 7D42B9AD1C05EE9A0084D045 /* Products */;
			projectDirPath = "";
			projectRoot = "";
			targets = (
				7D42B9AB1C05EE9A0084D045 /* swiftScan */,
			);
		};
/* End PBXProject section */

/* Begin PBXResourcesBuildPhase section */
		7D42B9AA1C05EE9A0084D045 /* Resources */ = {
			isa = PBXResourcesBuildPhase;
			buildActionMask = 2147483647;
			files = (
				48B143CA1C1809E700B2E7D5 /* CodeScan.bundle in Resources */,
				7D42B9BA1C05EE9A0084D045 /* LaunchScreen.storyboard in Resources */,
				7D42B9B71C05EE9A0084D045 /* Assets.xcassets in Resources */,
				73FF0B8E1CF545FE0083F169 /* ScanResultController.xib in Resources */,
				7DA82E091C19CE5E0028B5DB /* logo.JPG in Resources */,
				7D42B9B51C05EE9A0084D045 /* Main.storyboard in Resources */,
				488928AE1C1A6F4D005A8F83 /* swiftScan.podspec in Resources */,
			);
			runOnlyForDeploymentPostprocessing = 0;
		};
/* End PBXResourcesBuildPhase section */

/* Begin PBXSourcesBuildPhase section */
		7D42B9A81C05EE9A0084D045 /* Sources */ = {
			isa = PBXSourcesBuildPhase;
			buildActionMask = 2147483647;
			files = (
				488928E61C1A7BE4005A8F83 /* LBXScanViewController.swift in Sources */,
				73FF0B911CF545FE0083F169 /* QQScanViewController.swift in Sources */,
				48B143C41C17C98B00B2E7D5 /* MainTableViewController.swift in Sources */,
				7D42B9B21C05EE9A0084D045 /* ViewController.swift in Sources */,
				488928E51C1A7BE4005A8F83 /* LBXScanView.swift in Sources */,
				488928E81C1A7BE4005A8F83 /* LBXScanWrapper.swift in Sources */,
				7D42B9B01C05EE9A0084D045 /* AppDelegate.swift in Sources */,
				73FF0B901CF545FE0083F169 /* MyCodeViewController.swift in Sources */,
				488928E71C1A7BE4005A8F83 /* LBXScanViewStyle.swift in Sources */,
				488928E41C1A7BE4005A8F83 /* LBXScanNetAnimation.swift in Sources */,
				73FF0B8F1CF545FE0083F169 /* ScanResultController.swift in Sources */,
				488928E31C1A7BE4005A8F83 /* LBXScanLineAnimation.swift in Sources */,
				48D3BBD11C70104100823F87 /* LBXPermissions.swift in Sources */,
			);
			runOnlyForDeploymentPostprocessing = 0;
		};
/* End PBXSourcesBuildPhase section */

/* Begin PBXVariantGroup section */
		7D42B9B31C05EE9A0084D045 /* Main.storyboard */ = {
			isa = PBXVariantGroup;
			children = (
				7D42B9B41C05EE9A0084D045 /* Base */,
				7D46320C1C18683A00D70CF1 /* zh-Hans */,
			);
			name = Main.storyboard;
			sourceTree = "<group>";
		};
		7D42B9B81C05EE9A0084D045 /* LaunchScreen.storyboard */ = {
			isa = PBXVariantGroup;
			children = (
				7D42B9B91C05EE9A0084D045 /* Base */,
				7D46320D1C18683A00D70CF1 /* zh-Hans */,
			);
			name = LaunchScreen.storyboard;
			sourceTree = "<group>";
		};
/* End PBXVariantGroup section */

/* Begin XCBuildConfiguration section */
		7D42B9BC1C05EE9A0084D045 /* Debug */ = {
			isa = XCBuildConfiguration;
			buildSettings = {
				ALWAYS_SEARCH_USER_PATHS = NO;
				CLANG_ANALYZER_LOCALIZABILITY_NONLOCALIZED = YES;
				CLANG_CXX_LANGUAGE_STANDARD = "gnu++0x";
				CLANG_CXX_LIBRARY = "libc++";
				CLANG_ENABLE_MODULES = YES;
				CLANG_ENABLE_OBJC_ARC = YES;
				CLANG_WARN_BLOCK_CAPTURE_AUTORELEASING = YES;
				CLANG_WARN_BOOL_CONVERSION = YES;
				CLANG_WARN_COMMA = YES;
				CLANG_WARN_CONSTANT_CONVERSION = YES;
				CLANG_WARN_DEPRECATED_OBJC_IMPLEMENTATIONS = YES;
				CLANG_WARN_DIRECT_OBJC_ISA_USAGE = YES_ERROR;
				CLANG_WARN_EMPTY_BODY = YES;
				CLANG_WARN_ENUM_CONVERSION = YES;
				CLANG_WARN_INFINITE_RECURSION = YES;
				CLANG_WARN_INT_CONVERSION = YES;
				CLANG_WARN_NON_LITERAL_NULL_CONVERSION = YES;
				CLANG_WARN_OBJC_IMPLICIT_RETAIN_SELF = YES;
				CLANG_WARN_OBJC_LITERAL_CONVERSION = YES;
				CLANG_WARN_OBJC_ROOT_CLASS = YES_ERROR;
				CLANG_WARN_RANGE_LOOP_ANALYSIS = YES;
				CLANG_WARN_STRICT_PROTOTYPES = YES;
				CLANG_WARN_SUSPICIOUS_MOVE = YES;
				CLANG_WARN_UNREACHABLE_CODE = YES;
				CLANG_WARN__DUPLICATE_METHOD_MATCH = YES;
				"CODE_SIGN_IDENTITY[sdk=iphoneos*]" = "iPhone Developer";
				COPY_PHASE_STRIP = NO;
				DEBUG_INFORMATION_FORMAT = dwarf;
				ENABLE_STRICT_OBJC_MSGSEND = YES;
				ENABLE_TESTABILITY = YES;
				GCC_C_LANGUAGE_STANDARD = gnu99;
				GCC_DYNAMIC_NO_PIC = NO;
				GCC_NO_COMMON_BLOCKS = YES;
				GCC_OPTIMIZATION_LEVEL = 0;
				GCC_PREPROCESSOR_DEFINITIONS = (
					"DEBUG=1",
					"$(inherited)",
				);
				GCC_WARN_64_TO_32_BIT_CONVERSION = YES;
				GCC_WARN_ABOUT_RETURN_TYPE = YES_ERROR;
				GCC_WARN_UNDECLARED_SELECTOR = YES;
				GCC_WARN_UNINITIALIZED_AUTOS = YES_AGGRESSIVE;
				GCC_WARN_UNUSED_FUNCTION = YES;
				GCC_WARN_UNUSED_VARIABLE = YES;
				IPHONEOS_DEPLOYMENT_TARGET = 8.0;
				MTL_ENABLE_DEBUG_INFO = YES;
				ONLY_ACTIVE_ARCH = YES;
				SDKROOT = iphoneos;
				SWIFT_OPTIMIZATION_LEVEL = "-Onone";
				SWIFT_VERSION = 3.0;
			};
			name = Debug;
		};
		7D42B9BD1C05EE9A0084D045 /* Release */ = {
			isa = XCBuildConfiguration;
			buildSettings = {
				ALWAYS_SEARCH_USER_PATHS = NO;
				CLANG_ANALYZER_LOCALIZABILITY_NONLOCALIZED = YES;
				CLANG_CXX_LANGUAGE_STANDARD = "gnu++0x";
				CLANG_CXX_LIBRARY = "libc++";
				CLANG_ENABLE_MODULES = YES;
				CLANG_ENABLE_OBJC_ARC = YES;
				CLANG_WARN_BLOCK_CAPTURE_AUTORELEASING = YES;
				CLANG_WARN_BOOL_CONVERSION = YES;
				CLANG_WARN_COMMA = YES;
				CLANG_WARN_CONSTANT_CONVERSION = YES;
				CLANG_WARN_DEPRECATED_OBJC_IMPLEMENTATIONS = YES;
				CLANG_WARN_DIRECT_OBJC_ISA_USAGE = YES_ERROR;
				CLANG_WARN_EMPTY_BODY = YES;
				CLANG_WARN_ENUM_CONVERSION = YES;
				CLANG_WARN_INFINITE_RECURSION = YES;
				CLANG_WARN_INT_CONVERSION = YES;
				CLANG_WARN_NON_LITERAL_NULL_CONVERSION = YES;
				CLANG_WARN_OBJC_IMPLICIT_RETAIN_SELF = YES;
				CLANG_WARN_OBJC_LITERAL_CONVERSION = YES;
				CLANG_WARN_OBJC_ROOT_CLASS = YES_ERROR;
				CLANG_WARN_RANGE_LOOP_ANALYSIS = YES;
				CLANG_WARN_STRICT_PROTOTYPES = YES;
				CLANG_WARN_SUSPICIOUS_MOVE = YES;
				CLANG_WARN_UNREACHABLE_CODE = YES;
				CLANG_WARN__DUPLICATE_METHOD_MATCH = YES;
				"CODE_SIGN_IDENTITY[sdk=iphoneos*]" = "iPhone Developer";
				COPY_PHASE_STRIP = NO;
				DEBUG_INFORMATION_FORMAT = "dwarf-with-dsym";
				ENABLE_NS_ASSERTIONS = NO;
				ENABLE_STRICT_OBJC_MSGSEND = YES;
				GCC_C_LANGUAGE_STANDARD = gnu99;
				GCC_NO_COMMON_BLOCKS = YES;
				GCC_WARN_64_TO_32_BIT_CONVERSION = YES;
				GCC_WARN_ABOUT_RETURN_TYPE = YES_ERROR;
				GCC_WARN_UNDECLARED_SELECTOR = YES;
				GCC_WARN_UNINITIALIZED_AUTOS = YES_AGGRESSIVE;
				GCC_WARN_UNUSED_FUNCTION = YES;
				GCC_WARN_UNUSED_VARIABLE = YES;
				IPHONEOS_DEPLOYMENT_TARGET = 8.0;
				MTL_ENABLE_DEBUG_INFO = NO;
				SDKROOT = iphoneos;
				SWIFT_COMPILATION_MODE = wholemodule;
				SWIFT_VERSION = 3.0;
				VALIDATE_PRODUCT = YES;
			};
			name = Release;
		};
		7D42B9BF1C05EE9A0084D045 /* Debug */ = {
			isa = XCBuildConfiguration;
			buildSettings = {
				ALWAYS_EMBED_SWIFT_STANDARD_LIBRARIES = YES;
				ASSETCATALOG_COMPILER_APPICON_NAME = AppIcon;
				CODE_SIGN_IDENTITY = "iPhone Developer";
				"CODE_SIGN_IDENTITY[sdk=iphoneos*]" = "iPhone Developer";
				CODE_SIGN_STYLE = Automatic;
				DEVELOPMENT_TEAM = F3R362NJ48;
				INFOPLIST_FILE = swiftScan/Info.plist;
				IPHONEOS_DEPLOYMENT_TARGET = 8.0;
				LD_RUNPATH_SEARCH_PATHS = "$(inherited) @executable_path/Frameworks";
				PRODUCT_BUNDLE_IDENTIFIER = com.larry.Doctor;
				PRODUCT_NAME = "$(TARGET_NAME)";
				PROVISIONING_PROFILE = "5afb03a3-32bd-412b-9db2-5fa2d3271415";
				PROVISIONING_PROFILE_SPECIFIER = "";
				SWIFT_VERSION = 4.2;
			};
			name = Debug;
		};
		7D42B9C01C05EE9A0084D045 /* Release */ = {
			isa = XCBuildConfiguration;
			buildSettings = {
				ALWAYS_EMBED_SWIFT_STANDARD_LIBRARIES = YES;
				ASSETCATALOG_COMPILER_APPICON_NAME = AppIcon;
				CODE_SIGN_IDENTITY = "iPhone Developer";
				"CODE_SIGN_IDENTITY[sdk=iphoneos*]" = "iPhone Developer";
				CODE_SIGN_STYLE = Automatic;
				DEVELOPMENT_TEAM = F3R362NJ48;
				INFOPLIST_FILE = swiftScan/Info.plist;
				IPHONEOS_DEPLOYMENT_TARGET = 8.0;
				LD_RUNPATH_SEARCH_PATHS = "$(inherited) @executable_path/Frameworks";
				PRODUCT_BUNDLE_IDENTIFIER = com.larry.Doctor;
				PRODUCT_NAME = "$(TARGET_NAME)";
				PROVISIONING_PROFILE = "5afb03a3-32bd-412b-9db2-5fa2d3271415";
				PROVISIONING_PROFILE_SPECIFIER = "";
				SWIFT_VERSION = 4.2;
			};
			name = Release;
		};
/* End XCBuildConfiguration section */

/* Begin XCConfigurationList section */
		7D42B9A71C05EE9A0084D045 /* Build configuration list for PBXProject "swiftScan" */ = {
			isa = XCConfigurationList;
			buildConfigurations = (
				7D42B9BC1C05EE9A0084D045 /* Debug */,
				7D42B9BD1C05EE9A0084D045 /* Release */,
			);
			defaultConfigurationIsVisible = 0;
			defaultConfigurationName = Release;
		};
		7D42B9BE1C05EE9A0084D045 /* Build configuration list for PBXNativeTarget "swiftScan" */ = {
			isa = XCConfigurationList;
			buildConfigurations = (
				7D42B9BF1C05EE9A0084D045 /* Debug */,
				7D42B9C01C05EE9A0084D045 /* Release */,
			);
			defaultConfigurationIsVisible = 0;
			defaultConfigurationName = Release;
		};
/* End XCConfigurationList section */
	};
	rootObject = 7D42B9A41C05EE9A0084D045 /* Project object */;
}
